
Microsoft Visual Studio Solution File, Format Version 10.00
# Visual Studio 2008
Project("{FAE04EC0-301F-11D3-BF4B-00C04F79EFBC}") = "ACL", "ACL\ACL.csproj", "{DC63185F-C617-4225-A85F-E1A31FF39538}"
EndProject
Global
	GlobalSection(SolutionConfigurationPlatforms) = preSolution
		Debug|Any CPU = Debug|Any CPU
		Release|Any CPU = Release|Any CPU
	EndGlobalSection
	GlobalSection(ProjectConfigurationPlatforms) = postSolution
		{DC63185F-C617-4225-A85F-E1A31FF39538}.Debug|Any CPU.ActiveCfg = Debug|Any CPU
		{DC63185F-C617-4225-A85F-E1A31FF39538}.Debug|Any CPU.Build.0 = Debug|Any CPU
		{DC63185F-C617-4225-A85F-E1A31FF39538}.Release|Any CPU.ActiveCfg = Release|Any CPU
		{DC63185F-C617-4225-A85F-E1A31FF39538}.Release|Any CPU.Build.0 = Release|Any CPU
	EndGlobalSection
	GlobalSection(SolutionProperties) = preSolution
		HideSolutionNode = FALSE
	EndGlobalSection
EndGlobal
